// !$*UTF8*$!
{
	archiveVersion = 1;
	classes = {
	};
	objectVersion = 46;
	objects = {

/* Begin PBXBuildFile section */
		119617501CD3DE6100EBF509 /* RestifizerResponse.m in Sources */ = {isa = PBXBuildFile; fileRef = 119617461CD3DE6100EBF509 /* RestifizerResponse.m */; };
		119617511CD3DE6100EBF509 /* RestifizerRequest.m in Sources */ = {isa = PBXBuildFile; fileRef = 119617481CD3DE6100EBF509 /* RestifizerRequest.m */; };
		119617521CD3DE6100EBF509 /* RestifizerManager.m in Sources */ = {isa = PBXBuildFile; fileRef = 1196174A1CD3DE6100EBF509 /* RestifizerManager.m */; };
		119617531CD3DE6100EBF509 /* RestifizerError.m in Sources */ = {isa = PBXBuildFile; fileRef = 1196174C1CD3DE6100EBF509 /* RestifizerError.m */; };
		119617541CD3DE6100EBF509 /* RestifizerAuthParams.m in Sources */ = {isa = PBXBuildFile; fileRef = 1196174E1CD3DE6100EBF509 /* RestifizerAuthParams.m */; };
/* End PBXBuildFile section */

/* Begin PBXCopyFilesBuildPhase section */
		2B0A7ACF1CD15B6C003F3E48 /* CopyFiles */ = {
			isa = PBXCopyFilesBuildPhase;
			buildActionMask = 2147483647;
			dstPath = "include/$(PRODUCT_NAME)";
			dstSubfolderSpec = 16;
			files = (
			);
			runOnlyForDeploymentPostprocessing = 0;
		};
/* End PBXCopyFilesBuildPhase section */

/* Begin PBXFileReference section */
		119617461CD3DE6100EBF509 /* RestifizerResponse.m */ = {isa = PBXFileReference; fileEncoding = 4; lastKnownFileType = sourcecode.c.objc; path = RestifizerResponse.m; sourceTree = "<group>"; };
		119617471CD3DE6100EBF509 /* RestifizerResponse.h */ = {isa = PBXFileReference; fileEncoding = 4; lastKnownFileType = sourcecode.c.h; path = RestifizerResponse.h; sourceTree = "<group>"; };
		119617481CD3DE6100EBF509 /* RestifizerRequest.m */ = {isa = PBXFileReference; fileEncoding = 4; lastKnownFileType = sourcecode.c.objc; path = RestifizerRequest.m; sourceTree = "<group>"; };
		119617491CD3DE6100EBF509 /* RestifizerRequest.h */ = {isa = PBXFileReference; fileEncoding = 4; lastKnownFileType = sourcecode.c.h; path = RestifizerRequest.h; sourceTree = "<group>"; };
		1196174A1CD3DE6100EBF509 /* RestifizerManager.m */ = {isa = PBXFileReference; fileEncoding = 4; lastKnownFileType = sourcecode.c.objc; path = RestifizerManager.m; sourceTree = "<group>"; };
		1196174B1CD3DE6100EBF509 /* RestifizerManager.h */ = {isa = PBXFileReference; fileEncoding = 4; lastKnownFileType = sourcecode.c.h; path = RestifizerManager.h; sourceTree = "<group>"; };
		1196174C1CD3DE6100EBF509 /* RestifizerError.m */ = {isa = PBXFileReference; fileEncoding = 4; lastKnownFileType = sourcecode.c.objc; path = RestifizerError.m; sourceTree = "<group>"; };
		1196174D1CD3DE6100EBF509 /* RestifizerError.h */ = {isa = PBXFileReference; fileEncoding = 4; lastKnownFileType = sourcecode.c.h; path = RestifizerError.h; sourceTree = "<group>"; };
		1196174E1CD3DE6100EBF509 /* RestifizerAuthParams.m */ = {isa = PBXFileReference; fileEncoding = 4; lastKnownFileType = sourcecode.c.objc; path = RestifizerAuthParams.m; sourceTree = "<group>"; };
		1196174F1CD3DE6100EBF509 /* RestifizerAuthParams.h */ = {isa = PBXFileReference; fileEncoding = 4; lastKnownFileType = sourcecode.c.h; path = RestifizerAuthParams.h; sourceTree = "<group>"; };
		2B0A7AD11CD15B6C003F3E48 /* librestifizer.a */ = {isa = PBXFileReference; explicitFileType = archive.ar; includeInIndex = 0; path = librestifizer.a; sourceTree = BUILT_PRODUCTS_DIR; };
/* End PBXFileReference section */

/* Begin PBXFrameworksBuildPhase section */
		2B0A7ACE1CD15B6C003F3E48 /* Frameworks */ = {
			isa = PBXFrameworksBuildPhase;
			buildActionMask = 2147483647;
			files = (
			);
			runOnlyForDeploymentPostprocessing = 0;
		};
/* End PBXFrameworksBuildPhase section */

/* Begin PBXGroup section */
		2B0A7AC81CD15B6B003F3E48 = {
			isa = PBXGroup;
			children = (
				2B0A7AD31CD15B6C003F3E48 /* restifizer */,
				2B0A7AD21CD15B6C003F3E48 /* Products */,
			);
			sourceTree = "<group>";
		};
		2B0A7AD21CD15B6C003F3E48 /* Products */ = {
			isa = PBXGroup;
			children = (
				2B0A7AD11CD15B6C003F3E48 /* librestifizer.a */,
			);
			name = Products;
			sourceTree = "<group>";
		};
		2B0A7AD31CD15B6C003F3E48 /* restifizer */ = {
			isa = PBXGroup;
			children = (
				119617461CD3DE6100EBF509 /* RestifizerResponse.m */,
				119617471CD3DE6100EBF509 /* RestifizerResponse.h */,
				119617481CD3DE6100EBF509 /* RestifizerRequest.m */,
				119617491CD3DE6100EBF509 /* RestifizerRequest.h */,
				1196174A1CD3DE6100EBF509 /* RestifizerManager.m */,
				1196174B1CD3DE6100EBF509 /* RestifizerManager.h */,
				1196174C1CD3DE6100EBF509 /* RestifizerError.m */,
				1196174D1CD3DE6100EBF509 /* RestifizerError.h */,
				1196174E1CD3DE6100EBF509 /* RestifizerAuthParams.m */,
				1196174F1CD3DE6100EBF509 /* RestifizerAuthParams.h */,
			);
			path = restifizer;
			sourceTree = "<group>";
		};
/* End PBXGroup section */

/* Begin PBXNativeTarget section */
		2B0A7AD01CD15B6C003F3E48 /* restifizer */ = {
			isa = PBXNativeTarget;
			buildConfigurationList = 2B0A7ADA1CD15B6C003F3E48 /* Build configuration list for PBXNativeTarget "restifizer" */;
			buildPhases = (
				2B0A7ACD1CD15B6C003F3E48 /* Sources */,
				2B0A7ACE1CD15B6C003F3E48 /* Frameworks */,
				2B0A7ACF1CD15B6C003F3E48 /* CopyFiles */,
			);
			buildRules = (
			);
			dependencies = (
			);
			name = restifizer;
			productName = restifizer;
			productReference = 2B0A7AD11CD15B6C003F3E48 /* librestifizer.a */;
			productType = "com.apple.product-type.library.static";
		};
/* End PBXNativeTarget section */

/* Begin PBXProject section */
		2B0A7AC91CD15B6B003F3E48 /* Project object */ = {
			isa = PBXProject;
			attributes = {
				LastUpgradeCheck = 0730;
				ORGANIZATIONNAME = VedideV;
				TargetAttributes = {
					2B0A7AD01CD15B6C003F3E48 = {
						CreatedOnToolsVersion = 7.3;
					};
				};
			};
			buildConfigurationList = 2B0A7ACC1CD15B6B003F3E48 /* Build configuration list for PBXProject "restifizer" */;
			compatibilityVersion = "Xcode 3.2";
			developmentRegion = English;
			hasScannedForEncodings = 0;
			knownRegions = (
				en,
			);
			mainGroup = 2B0A7AC81CD15B6B003F3E48;
			productRefGroup = 2B0A7AD21CD15B6C003F3E48 /* Products */;
			projectDirPath = "";
			projectRoot = "";
			targets = (
				2B0A7AD01CD15B6C003F3E48 /* restifizer */,
			);
		};
/* End PBXProject section */

/* Begin PBXSourcesBuildPhase section */
		2B0A7ACD1CD15B6C003F3E48 /* Sources */ = {
			isa = PBXSourcesBuildPhase;
			buildActionMask = 2147483647;
			files = (
				119617511CD3DE6100EBF509 /* RestifizerRequest.m in Sources */,
				119617531CD3DE6100EBF509 /* RestifizerError.m in Sources */,
				119617521CD3DE6100EBF509 /* RestifizerManager.m in Sources */,
				119617501CD3DE6100EBF509 /* RestifizerResponse.m in Sources */,
				119617541CD3DE6100EBF509 /* RestifizerAuthParams.m in Sources */,
			);
			runOnlyForDeploymentPostprocessing = 0;
		};
/* End PBXSourcesBuildPhase section */

/* Begin XCBuildConfiguration section */
		2B0A7AD81CD15B6C003F3E48 /* Debug */ = {
			isa = XCBuildConfiguration;
			buildSettings = {
				ALWAYS_SEARCH_USER_PATHS = NO;
				CLANG_ANALYZER_NONNULL = YES;
				CLANG_CXX_LANGUAGE_STANDARD = "gnu++0x";
				CLANG_CXX_LIBRARY = "libc++";
				CLANG_ENABLE_MODULES = YES;
				CLANG_ENABLE_OBJC_ARC = YES;
				CLANG_WARN_BOOL_CONVERSION = YES;
				CLANG_WARN_CONSTANT_CONVERSION = YES;
				CLANG_WARN_DIRECT_OBJC_ISA_USAGE = YES_ERROR;
				CLANG_WARN_EMPTY_BODY = YES;
				CLANG_WARN_ENUM_CONVERSION = YES;
				CLANG_WARN_INT_CONVERSION = YES;
				CLANG_WARN_OBJC_ROOT_CLASS = YES_ERROR;
				CLANG_WARN_UNREACHABLE_CODE = YES;
				CLANG_WARN__DUPLICATE_METHOD_MATCH = YES;
				"CODE_SIGN_IDENTITY[sdk=iphoneos*]" = "iPhone Developer";
				COPY_PHASE_STRIP = NO;
				DEBUG_INFORMATION_FORMAT = dwarf;
				ENABLE_STRICT_OBJC_MSGSEND = YES;
				ENABLE_TESTABILITY = YES;
				GCC_C_LANGUAGE_STANDARD = gnu99;
				GCC_DYNAMIC_NO_PIC = NO;
				GCC_NO_COMMON_BLOCKS = YES;
				GCC_OPTIMIZATION_LEVEL = 0;
				GCC_PREPROCESSOR_DEFINITIONS = (
					"DEBUG=1",
					"$(inherited)",
				);
				GCC_WARN_64_TO_32_BIT_CONVERSION = YES;
				GCC_WARN_ABOUT_RETURN_TYPE = YES_ERROR;
				GCC_WARN_UNDECLARED_SELECTOR = YES;
				GCC_WARN_UNINITIALIZED_AUTOS = YES_AGGRESSIVE;
				GCC_WARN_UNUSED_FUNCTION = YES;
				GCC_WARN_UNUSED_VARIABLE = YES;
				IPHONEOS_DEPLOYMENT_TARGET = 9.3;
				MTL_ENABLE_DEBUG_INFO = YES;
				ONLY_ACTIVE_ARCH = YES;
				SDKROOT = iphoneos;
			};
			name = Debug;
		};
		2B0A7AD91CD15B6C003F3E48 /* Release */ = {
			isa = XCBuildConfiguration;
			buildSettings = {
				ALWAYS_SEARCH_USER_PATHS = NO;
				CLANG_ANALYZER_NONNULL = YES;
				CLANG_CXX_LANGUAGE_STANDARD = "gnu++0x";
				CLANG_CXX_LIBRARY = "libc++";
				CLANG_ENABLE_MODULES = YES;
				CLANG_ENABLE_OBJC_ARC = YES;
				CLANG_WARN_BOOL_CONVERSION = YES;
				CLANG_WARN_CONSTANT_CONVERSION = YES;
				CLANG_WARN_DIRECT_OBJC_ISA_USAGE = YES_ERROR;
				CLANG_WARN_EMPTY_BODY = YES;
				CLANG_WARN_ENUM_CONVERSION = YES;
				CLANG_WARN_INT_CONVERSION = YES;
				CLANG_WARN_OBJC_ROOT_CLASS = YES_ERROR;
				CLANG_WARN_UNREACHABLE_CODE = YES;
				CLANG_WARN__DUPLICATE_METHOD_MATCH = YES;
				"CODE_SIGN_IDENTITY[sdk=iphoneos*]" = "iPhone Developer";
				COPY_PHASE_STRIP = NO;
				DEBUG_INFORMATION_FORMAT = "dwarf-with-dsym";
				ENABLE_NS_ASSERTIONS = NO;
				ENABLE_STRICT_OBJC_MSGSEND = YES;
				GCC_C_LANGUAGE_STANDARD = gnu99;
				GCC_NO_COMMON_BLOCKS = YES;
				GCC_WARN_64_TO_32_BIT_CONVERSION = YES;
				GCC_WARN_ABOUT_RETURN_TYPE = YES_ERROR;
				GCC_WARN_UNDECLARED_SELECTOR = YES;
				GCC_WARN_UNINITIALIZED_AUTOS = YES_AGGRESSIVE;
				GCC_WARN_UNUSED_FUNCTION = YES;
				GCC_WARN_UNUSED_VARIABLE = YES;
				IPHONEOS_DEPLOYMENT_TARGET = 9.3;
				MTL_ENABLE_DEBUG_INFO = NO;
				SDKROOT = iphoneos;
				VALIDATE_PRODUCT = YES;
			};
			name = Release;
		};
		2B0A7ADB1CD15B6C003F3E48 /* Debug */ = {
			isa = XCBuildConfiguration;
			buildSettings = {
				OTHER_LDFLAGS = "-ObjC";
				PRODUCT_NAME = "$(TARGET_NAME)";
				SKIP_INSTALL = YES;
			};
			name = Debug;
		};
		2B0A7ADC1CD15B6C003F3E48 /* Release */ = {
			isa = XCBuildConfiguration;
			buildSettings = {
				OTHER_LDFLAGS = "-ObjC";
				PRODUCT_NAME = "$(TARGET_NAME)";
				SKIP_INSTALL = YES;
			};
			name = Release;
		};
/* End XCBuildConfiguration section */

/* Begin XCConfigurationList section */
		2B0A7ACC1CD15B6B003F3E48 /* Build configuration list for PBXProject "restifizer" */ = {
			isa = XCConfigurationList;
			buildConfigurations = (
				2B0A7AD81CD15B6C003F3E48 /* Debug */,
				2B0A7AD91CD15B6C003F3E48 /* Release */,
			);
			defaultConfigurationIsVisible = 0;
			defaultConfigurationName = Release;
		};
		2B0A7ADA1CD15B6C003F3E48 /* Build configuration list for PBXNativeTarget "restifizer" */ = {
			isa = XCConfigurationList;
			buildConfigurations = (
				2B0A7ADB1CD15B6C003F3E48 /* Debug */,
				2B0A7ADC1CD15B6C003F3E48 /* Release */,
			);
			defaultConfigurationIsVisible = 0;
			defaultConfigurationName = Release;
		};
/* End XCConfigurationList section */
	};
	rootObject = 2B0A7AC91CD15B6B003F3E48 /* Project object */;
}
